// !$*UTF8*$!
{
	archiveVersion = 1;
	classes = {
	};
	objectVersion = 55;
	objects = {

/* Begin PBXBuildFile section */
		20FBE78028BBAD2300609687 /* Connect_ONG_MobileApp.swift in Sources */ = {isa = PBXBuildFile; fileRef = 20FBE77F28BBAD2300609687 /* Connect_ONG_MobileApp.swift */; };
		20FBE78228BBAD2300609687 /* ContentView.swift in Sources */ = {isa = PBXBuildFile; fileRef = 20FBE78128BBAD2300609687 /* ContentView.swift */; };
		20FBE78428BBAD2400609687 /* Assets.xcassets in Resources */ = {isa = PBXBuildFile; fileRef = 20FBE78328BBAD2400609687 /* Assets.xcassets */; };
		20FBE78728BBAD2400609687 /* Preview Assets.xcassets in Resources */ = {isa = PBXBuildFile; fileRef = 20FBE78628BBAD2400609687 /* Preview Assets.xcassets */; };
		20FBE78928BBAD2400609687 /* Persistence.swift in Sources */ = {isa = PBXBuildFile; fileRef = 20FBE78828BBAD2400609687 /* Persistence.swift */; };
		20FBE78C28BBAD2400609687 /* Connect_ONG_Mobile.xcdatamodeld in Sources */ = {isa = PBXBuildFile; fileRef = 20FBE78A28BBAD2400609687 /* Connect_ONG_Mobile.xcdatamodeld */; };
		20FBE79628BBAD2500609687 /* Connect_ONG_MobileTests.swift in Sources */ = {isa = PBXBuildFile; fileRef = 20FBE79528BBAD2500609687 /* Connect_ONG_MobileTests.swift */; };
		20FBE7A028BBAD2500609687 /* Connect_ONG_MobileUITests.swift in Sources */ = {isa = PBXBuildFile; fileRef = 20FBE79F28BBAD2500609687 /* Connect_ONG_MobileUITests.swift */; };
		20FBE7A228BBAD2500609687 /* Connect_ONG_MobileUITestsLaunchTests.swift in Sources */ = {isa = PBXBuildFile; fileRef = 20FBE7A128BBAD2500609687 /* Connect_ONG_MobileUITestsLaunchTests.swift */; };
/* End PBXBuildFile section */

/* Begin PBXContainerItemProxy section */
		20FBE79228BBAD2500609687 /* PBXContainerItemProxy */ = {
			isa = PBXContainerItemProxy;
			containerPortal = 20FBE77428BBAD2300609687 /* Project object */;
			proxyType = 1;
			remoteGlobalIDString = 20FBE77B28BBAD2300609687;
			remoteInfo = "Connect-ONG-Mobile";
		};
		20FBE79C28BBAD2500609687 /* PBXContainerItemProxy */ = {
			isa = PBXContainerItemProxy;
			containerPortal = 20FBE77428BBAD2300609687 /* Project object */;
			proxyType = 1;
			remoteGlobalIDString = 20FBE77B28BBAD2300609687;
			remoteInfo = "Connect-ONG-Mobile";
		};
/* End PBXContainerItemProxy section */

/* Begin PBXFileReference section */
		20FBE77C28BBAD2300609687 /* Connect-ONG-Mobile.app */ = {isa = PBXFileReference; explicitFileType = wrapper.application; includeInIndex = 0; path = "Connect-ONG-Mobile.app"; sourceTree = BUILT_PRODUCTS_DIR; };
		20FBE77F28BBAD2300609687 /* Connect_ONG_MobileApp.swift */ = {isa = PBXFileReference; lastKnownFileType = sourcecode.swift; path = Connect_ONG_MobileApp.swift; sourceTree = "<group>"; };
		20FBE78128BBAD2300609687 /* ContentView.swift */ = {isa = PBXFileReference; lastKnownFileType = sourcecode.swift; path = ContentView.swift; sourceTree = "<group>"; };
		20FBE78328BBAD2400609687 /* Assets.xcassets */ = {isa = PBXFileReference; lastKnownFileType = folder.assetcatalog; path = Assets.xcassets; sourceTree = "<group>"; };
		20FBE78628BBAD2400609687 /* Preview Assets.xcassets */ = {isa = PBXFileReference; lastKnownFileType = folder.assetcatalog; path = "Preview Assets.xcassets"; sourceTree = "<group>"; };
		20FBE78828BBAD2400609687 /* Persistence.swift */ = {isa = PBXFileReference; lastKnownFileType = sourcecode.swift; path = Persistence.swift; sourceTree = "<group>"; };
		20FBE78B28BBAD2400609687 /* Connect_ONG_Mobile.xcdatamodel */ = {isa = PBXFileReference; lastKnownFileType = wrapper.xcdatamodel; path = Connect_ONG_Mobile.xcdatamodel; sourceTree = "<group>"; };
		20FBE79128BBAD2500609687 /* Connect-ONG-MobileTests.xctest */ = {isa = PBXFileReference; explicitFileType = wrapper.cfbundle; includeInIndex = 0; path = "Connect-ONG-MobileTests.xctest"; sourceTree = BUILT_PRODUCTS_DIR; };
		20FBE79528BBAD2500609687 /* Connect_ONG_MobileTests.swift */ = {isa = PBXFileReference; lastKnownFileType = sourcecode.swift; path = Connect_ONG_MobileTests.swift; sourceTree = "<group>"; };
		20FBE79B28BBAD2500609687 /* Connect-ONG-MobileUITests.xctest */ = {isa = PBXFileReference; explicitFileType = wrapper.cfbundle; includeInIndex = 0; path = "Connect-ONG-MobileUITests.xctest"; sourceTree = BUILT_PRODUCTS_DIR; };
		20FBE79F28BBAD2500609687 /* Connect_ONG_MobileUITests.swift */ = {isa = PBXFileReference; lastKnownFileType = sourcecode.swift; path = Connect_ONG_MobileUITests.swift; sourceTree = "<group>"; };
		20FBE7A128BBAD2500609687 /* Connect_ONG_MobileUITestsLaunchTests.swift */ = {isa = PBXFileReference; lastKnownFileType = sourcecode.swift; path = Connect_ONG_MobileUITestsLaunchTests.swift; sourceTree = "<group>"; };
/* End PBXFileReference section */

/* Begin PBXFrameworksBuildPhase section */
		20FBE77928BBAD2300609687 /* Frameworks */ = {
			isa = PBXFrameworksBuildPhase;
			buildActionMask = 2147483647;
			files = (
			);
			runOnlyForDeploymentPostprocessing = 0;
		};
		20FBE78E28BBAD2500609687 /* Frameworks */ = {
			isa = PBXFrameworksBuildPhase;
			buildActionMask = 2147483647;
			files = (
			);
			runOnlyForDeploymentPostprocessing = 0;
		};
		20FBE79828BBAD2500609687 /* Frameworks */ = {
			isa = PBXFrameworksBuildPhase;
			buildActionMask = 2147483647;
			files = (
			);
			runOnlyForDeploymentPostprocessing = 0;
		};
/* End PBXFrameworksBuildPhase section */

/* Begin PBXGroup section */
		20FBE77328BBAD2300609687 = {
			isa = PBXGroup;
			children = (
				20FBE77E28BBAD2300609687 /* Connect-ONG-Mobile */,
				20FBE79428BBAD2500609687 /* Connect-ONG-MobileTests */,
				20FBE79E28BBAD2500609687 /* Connect-ONG-MobileUITests */,
				20FBE77D28BBAD2300609687 /* Products */,
			);
			sourceTree = "<group>";
		};
		20FBE77D28BBAD2300609687 /* Products */ = {
			isa = PBXGroup;
			children = (
				20FBE77C28BBAD2300609687 /* Connect-ONG-Mobile.app */,
				20FBE79128BBAD2500609687 /* Connect-ONG-MobileTests.xctest */,
				20FBE79B28BBAD2500609687 /* Connect-ONG-MobileUITests.xctest */,
			);
			name = Products;
			sourceTree = "<group>";
		};
		20FBE77E28BBAD2300609687 /* Connect-ONG-Mobile */ = {
			isa = PBXGroup;
			children = (
				20FBE77F28BBAD2300609687 /* Connect_ONG_MobileApp.swift */,
				20FBE78128BBAD2300609687 /* ContentView.swift */,
				20FBE78328BBAD2400609687 /* Assets.xcassets */,
				20FBE78828BBAD2400609687 /* Persistence.swift */,
				20FBE78A28BBAD2400609687 /* Connect_ONG_Mobile.xcdatamodeld */,
				20FBE78528BBAD2400609687 /* Preview Content */,
			);
			path = "Connect-ONG-Mobile";
			sourceTree = "<group>";
		};
		20FBE78528BBAD2400609687 /* Preview Content */ = {
			isa = PBXGroup;
			children = (
				20FBE78628BBAD2400609687 /* Preview Assets.xcassets */,
			);
			path = "Preview Content";
			sourceTree = "<group>";
		};
		20FBE79428BBAD2500609687 /* Connect-ONG-MobileTests */ = {
			isa = PBXGroup;
			children = (
				20FBE79528BBAD2500609687 /* Connect_ONG_MobileTests.swift */,
			);
			path = "Connect-ONG-MobileTests";
			sourceTree = "<group>";
		};
		20FBE79E28BBAD2500609687 /* Connect-ONG-MobileUITests */ = {
			isa = PBXGroup;
			children = (
				20FBE79F28BBAD2500609687 /* Connect_ONG_MobileUITests.swift */,
				20FBE7A128BBAD2500609687 /* Connect_ONG_MobileUITestsLaunchTests.swift */,
			);
			path = "Connect-ONG-MobileUITests";
			sourceTree = "<group>";
		};
/* End PBXGroup section */

/* Begin PBXNativeTarget section */
		20FBE77B28BBAD2300609687 /* Connect-ONG-Mobile */ = {
			isa = PBXNativeTarget;
			buildConfigurationList = 20FBE7A528BBAD2500609687 /* Build configuration list for PBXNativeTarget "Connect-ONG-Mobile" */;
			buildPhases = (
				20FBE77828BBAD2300609687 /* Sources */,
				20FBE77928BBAD2300609687 /* Frameworks */,
				20FBE77A28BBAD2300609687 /* Resources */,
			);
			buildRules = (
			);
			dependencies = (
			);
			name = "Connect-ONG-Mobile";
			productName = "Connect-ONG-Mobile";
			productReference = 20FBE77C28BBAD2300609687 /* Connect-ONG-Mobile.app */;
			productType = "com.apple.product-type.application";
		};
		20FBE79028BBAD2500609687 /* Connect-ONG-MobileTests */ = {
			isa = PBXNativeTarget;
			buildConfigurationList = 20FBE7A828BBAD2500609687 /* Build configuration list for PBXNativeTarget "Connect-ONG-MobileTests" */;
			buildPhases = (
				20FBE78D28BBAD2500609687 /* Sources */,
				20FBE78E28BBAD2500609687 /* Frameworks */,
				20FBE78F28BBAD2500609687 /* Resources */,
			);
			buildRules = (
			);
			dependencies = (
				20FBE79328BBAD2500609687 /* PBXTargetDependency */,
			);
			name = "Connect-ONG-MobileTests";
			productName = "Connect-ONG-MobileTests";
			productReference = 20FBE79128BBAD2500609687 /* Connect-ONG-MobileTests.xctest */;
			productType = "com.apple.product-type.bundle.unit-test";
		};
		20FBE79A28BBAD2500609687 /* Connect-ONG-MobileUITests */ = {
			isa = PBXNativeTarget;
			buildConfigurationList = 20FBE7AB28BBAD2500609687 /* Build configuration list for PBXNativeTarget "Connect-ONG-MobileUITests" */;
			buildPhases = (
				20FBE79728BBAD2500609687 /* Sources */,
				20FBE79828BBAD2500609687 /* Frameworks */,
				20FBE79928BBAD2500609687 /* Resources */,
			);
			buildRules = (
			);
			dependencies = (
				20FBE79D28BBAD2500609687 /* PBXTargetDependency */,
			);
			name = "Connect-ONG-MobileUITests";
			productName = "Connect-ONG-MobileUITests";
			productReference = 20FBE79B28BBAD2500609687 /* Connect-ONG-MobileUITests.xctest */;
			productType = "com.apple.product-type.bundle.ui-testing";
		};
/* End PBXNativeTarget section */

/* Begin PBXProject section */
		20FBE77428BBAD2300609687 /* Project object */ = {
			isa = PBXProject;
			attributes = {
				BuildIndependentTargetsInParallel = 1;
				LastSwiftUpdateCheck = 1340;
				LastUpgradeCheck = 1340;
				TargetAttributes = {
					20FBE77B28BBAD2300609687 = {
						CreatedOnToolsVersion = 13.4.1;
					};
					20FBE79028BBAD2500609687 = {
						CreatedOnToolsVersion = 13.4.1;
						TestTargetID = 20FBE77B28BBAD2300609687;
					};
					20FBE79A28BBAD2500609687 = {
						CreatedOnToolsVersion = 13.4.1;
						TestTargetID = 20FBE77B28BBAD2300609687;
					};
				};
			};
			buildConfigurationList = 20FBE77728BBAD2300609687 /* Build configuration list for PBXProject "Connect-ONG-Mobile" */;
			compatibilityVersion = "Xcode 13.0";
			developmentRegion = en;
			hasScannedForEncodings = 0;
			knownRegions = (
				en,
				Base,
			);
			mainGroup = 20FBE77328BBAD2300609687;
			productRefGroup = 20FBE77D28BBAD2300609687 /* Products */;
			projectDirPath = "";
			projectRoot = "";
			targets = (
				20FBE77B28BBAD2300609687 /* Connect-ONG-Mobile */,
				20FBE79028BBAD2500609687 /* Connect-ONG-MobileTests */,
				20FBE79A28BBAD2500609687 /* Connect-ONG-MobileUITests */,
			);
		};
/* End PBXProject section */

/* Begin PBXResourcesBuildPhase section */
		20FBE77A28BBAD2300609687 /* Resources */ = {
			isa = PBXResourcesBuildPhase;
			buildActionMask = 2147483647;
			files = (
				20FBE78728BBAD2400609687 /* Preview Assets.xcassets in Resources */,
				20FBE78428BBAD2400609687 /* Assets.xcassets in Resources */,
			);
			runOnlyForDeploymentPostprocessing = 0;
		};
		20FBE78F28BBAD2500609687 /* Resources */ = {
			isa = PBXResourcesBuildPhase;
			buildActionMask = 2147483647;
			files = (
			);
			runOnlyForDeploymentPostprocessing = 0;
		};
		20FBE79928BBAD2500609687 /* Resources */ = {
			isa = PBXResourcesBuildPhase;
			buildActionMask = 2147483647;
			files = (
			);
			runOnlyForDeploymentPostprocessing = 0;
		};
/* End PBXResourcesBuildPhase section */

/* Begin PBXSourcesBuildPhase section */
		20FBE77828BBAD2300609687 /* Sources */ = {
			isa = PBXSourcesBuildPhase;
			buildActionMask = 2147483647;
			files = (
				20FBE78928BBAD2400609687 /* Persistence.swift in Sources */,
				20FBE78228BBAD2300609687 /* ContentView.swift in Sources */,
				20FBE78028BBAD2300609687 /* Connect_ONG_MobileApp.swift in Sources */,
				20FBE78C28BBAD2400609687 /* Connect_ONG_Mobile.xcdatamodeld in Sources */,
			);
			runOnlyForDeploymentPostprocessing = 0;
		};
		20FBE78D28BBAD2500609687 /* Sources */ = {
			isa = PBXSourcesBuildPhase;
			buildActionMask = 2147483647;
			files = (
				20FBE79628BBAD2500609687 /* Connect_ONG_MobileTests.swift in Sources */,
			);
			runOnlyForDeploymentPostprocessing = 0;
		};
		20FBE79728BBAD2500609687 /* Sources */ = {
			isa = PBXSourcesBuildPhase;
			buildActionMask = 2147483647;
			files = (
				20FBE7A228BBAD2500609687 /* Connect_ONG_MobileUITestsLaunchTests.swift in Sources */,
				20FBE7A028BBAD2500609687 /* Connect_ONG_MobileUITests.swift in Sources */,
			);
			runOnlyForDeploymentPostprocessing = 0;
		};
/* End PBXSourcesBuildPhase section */

/* Begin PBXTargetDependency section */
		20FBE79328BBAD2500609687 /* PBXTargetDependency */ = {
			isa = PBXTargetDependency;
			target = 20FBE77B28BBAD2300609687 /* Connect-ONG-Mobile */;
			targetProxy = 20FBE79228BBAD2500609687 /* PBXContainerItemProxy */;
		};
		20FBE79D28BBAD2500609687 /* PBXTargetDependency */ = {
			isa = PBXTargetDependency;
			target = 20FBE77B28BBAD2300609687 /* Connect-ONG-Mobile */;
			targetProxy = 20FBE79C28BBAD2500609687 /* PBXContainerItemProxy */;
		};
/* End PBXTargetDependency section */

/* Begin XCBuildConfiguration section */
		20FBE7A328BBAD2500609687 /* Debug */ = {
			isa = XCBuildConfiguration;
			buildSettings = {
				ALWAYS_SEARCH_USER_PATHS = NO;
				CLANG_ANALYZER_NONNULL = YES;
				CLANG_ANALYZER_NUMBER_OBJECT_CONVERSION = YES_AGGRESSIVE;
				CLANG_CXX_LANGUAGE_STANDARD = "gnu++17";
				CLANG_ENABLE_MODULES = YES;
				CLANG_ENABLE_OBJC_ARC = YES;
				CLANG_ENABLE_OBJC_WEAK = YES;
				CLANG_WARN_BLOCK_CAPTURE_AUTORELEASING = YES;
				CLANG_WARN_BOOL_CONVERSION = YES;
				CLANG_WARN_COMMA = YES;
				CLANG_WARN_CONSTANT_CONVERSION = YES;
				CLANG_WARN_DEPRECATED_OBJC_IMPLEMENTATIONS = YES;
				CLANG_WARN_DIRECT_OBJC_ISA_USAGE = YES_ERROR;
				CLANG_WARN_DOCUMENTATION_COMMENTS = YES;
				CLANG_WARN_EMPTY_BODY = YES;
				CLANG_WARN_ENUM_CONVERSION = YES;
				CLANG_WARN_INFINITE_RECURSION = YES;
				CLANG_WARN_INT_CONVERSION = YES;
				CLANG_WARN_NON_LITERAL_NULL_CONVERSION = YES;
				CLANG_WARN_OBJC_IMPLICIT_RETAIN_SELF = YES;
				CLANG_WARN_OBJC_LITERAL_CONVERSION = YES;
				CLANG_WARN_OBJC_ROOT_CLASS = YES_ERROR;
				CLANG_WARN_QUOTED_INCLUDE_IN_FRAMEWORK_HEADER = YES;
				CLANG_WARN_RANGE_LOOP_ANALYSIS = YES;
				CLANG_WARN_STRICT_PROTOTYPES = YES;
				CLANG_WARN_SUSPICIOUS_MOVE = YES;
				CLANG_WARN_UNGUARDED_AVAILABILITY = YES_AGGRESSIVE;
				CLANG_WARN_UNREACHABLE_CODE = YES;
				CLANG_WARN__DUPLICATE_METHOD_MATCH = YES;
				COPY_PHASE_STRIP = NO;
				DEBUG_INFORMATION_FORMAT = dwarf;
				ENABLE_STRICT_OBJC_MSGSEND = YES;
				ENABLE_TESTABILITY = YES;
				GCC_C_LANGUAGE_STANDARD = gnu11;
				GCC_DYNAMIC_NO_PIC = NO;
				GCC_NO_COMMON_BLOCKS = YES;
				GCC_OPTIMIZATION_LEVEL = 0;
				GCC_PREPROCESSOR_DEFINITIONS = (
					"DEBUG=1",
					"$(inherited)",
				);
				GCC_WARN_64_TO_32_BIT_CONVERSION = YES;
				GCC_WARN_ABOUT_RETURN_TYPE = YES_ERROR;
				GCC_WARN_UNDECLARED_SELECTOR = YES;
				GCC_WARN_UNINITIALIZED_AUTOS = YES_AGGRESSIVE;
				GCC_WARN_UNUSED_FUNCTION = YES;
				GCC_WARN_UNUSED_VARIABLE = YES;
				IPHONEOS_DEPLOYMENT_TARGET = 15.5;
				MTL_ENABLE_DEBUG_INFO = INCLUDE_SOURCE;
				MTL_FAST_MATH = YES;
				ONLY_ACTIVE_ARCH = YES;
				SDKROOT = iphoneos;
				SWIFT_ACTIVE_COMPILATION_CONDITIONS = DEBUG;
				SWIFT_OPTIMIZATION_LEVEL = "-Onone";
			};
			name = Debug;
		};
		20FBE7A428BBAD2500609687 /* Release */ = {
			isa = XCBuildConfiguration;
			buildSettings = {
				ALWAYS_SEARCH_USER_PATHS = NO;
				CLANG_ANALYZER_NONNULL = YES;
				CLANG_ANALYZER_NUMBER_OBJECT_CONVERSION = YES_AGGRESSIVE;
				CLANG_CXX_LANGUAGE_STANDARD = "gnu++17";
				CLANG_ENABLE_MODULES = YES;
				CLANG_ENABLE_OBJC_ARC = YES;
				CLANG_ENABLE_OBJC_WEAK = YES;
				CLANG_WARN_BLOCK_CAPTURE_AUTORELEASING = YES;
				CLANG_WARN_BOOL_CONVERSION = YES;
				CLANG_WARN_COMMA = YES;
				CLANG_WARN_CONSTANT_CONVERSION = YES;
				CLANG_WARN_DEPRECATED_OBJC_IMPLEMENTATIONS = YES;
				CLANG_WARN_DIRECT_OBJC_ISA_USAGE = YES_ERROR;
				CLANG_WARN_DOCUMENTATION_COMMENTS = YES;
				CLANG_WARN_EMPTY_BODY = YES;
				CLANG_WARN_ENUM_CONVERSION = YES;
				CLANG_WARN_INFINITE_RECURSION = YES;
				CLANG_WARN_INT_CONVERSION = YES;
				CLANG_WARN_NON_LITERAL_NULL_CONVERSION = YES;
				CLANG_WARN_OBJC_IMPLICIT_RETAIN_SELF = YES;
				CLANG_WARN_OBJC_LITERAL_CONVERSION = YES;
				CLANG_WARN_OBJC_ROOT_CLASS = YES_ERROR;
				CLANG_WARN_QUOTED_INCLUDE_IN_FRAMEWORK_HEADER = YES;
				CLANG_WARN_RANGE_LOOP_ANALYSIS = YES;
				CLANG_WARN_STRICT_PROTOTYPES = YES;
				CLANG_WARN_SUSPICIOUS_MOVE = YES;
				CLANG_WARN_UNGUARDED_AVAILABILITY = YES_AGGRESSIVE;
				CLANG_WARN_UNREACHABLE_CODE = YES;
				CLANG_WARN__DUPLICATE_METHOD_MATCH = YES;
				COPY_PHASE_STRIP = NO;
				DEBUG_INFORMATION_FORMAT = "dwarf-with-dsym";
				ENABLE_NS_ASSERTIONS = NO;
				ENABLE_STRICT_OBJC_MSGSEND = YES;
				GCC_C_LANGUAGE_STANDARD = gnu11;
				GCC_NO_COMMON_BLOCKS = YES;
				GCC_WARN_64_TO_32_BIT_CONVERSION = YES;
				GCC_WARN_ABOUT_RETURN_TYPE = YES_ERROR;
				GCC_WARN_UNDECLARED_SELECTOR = YES;
				GCC_WARN_UNINITIALIZED_AUTOS = YES_AGGRESSIVE;
				GCC_WARN_UNUSED_FUNCTION = YES;
				GCC_WARN_UNUSED_VARIABLE = YES;
				IPHONEOS_DEPLOYMENT_TARGET = 15.5;
				MTL_ENABLE_DEBUG_INFO = NO;
				MTL_FAST_MATH = YES;
				SDKROOT = iphoneos;
				SWIFT_COMPILATION_MODE = wholemodule;
				SWIFT_OPTIMIZATION_LEVEL = "-O";
				VALIDATE_PRODUCT = YES;
			};
			name = Release;
		};
		20FBE7A628BBAD2500609687 /* Debug */ = {
			isa = XCBuildConfiguration;
			buildSettings = {
				ASSETCATALOG_COMPILER_APPICON_NAME = AppIcon;
				ASSETCATALOG_COMPILER_GLOBAL_ACCENT_COLOR_NAME = AccentColor;
				CODE_SIGN_STYLE = Automatic;
				CURRENT_PROJECT_VERSION = 1;
				DEVELOPMENT_ASSET_PATHS = "\"Connect-ONG-Mobile/Preview Content\"";
				DEVELOPMENT_TEAM = JNXAHZ4P2R;
				ENABLE_PREVIEWS = YES;
				GENERATE_INFOPLIST_FILE = YES;
				INFOPLIST_KEY_UIApplicationSceneManifest_Generation = YES;
				INFOPLIST_KEY_UIApplicationSupportsIndirectInputEvents = YES;
				INFOPLIST_KEY_UILaunchScreen_Generation = YES;
				INFOPLIST_KEY_UISupportedInterfaceOrientations_iPad = "UIInterfaceOrientationPortrait UIInterfaceOrientationPortraitUpsideDown UIInterfaceOrientationLandscapeLeft UIInterfaceOrientationLandscapeRight";
				INFOPLIST_KEY_UISupportedInterfaceOrientations_iPhone = "UIInterfaceOrientationPortrait UIInterfaceOrientationLandscapeLeft UIInterfaceOrientationLandscapeRight";
				LD_RUNPATH_SEARCH_PATHS = (
					"$(inherited)",
					"@executable_path/Frameworks",
				);
				MARKETING_VERSION = 1.0;
				PRODUCT_BUNDLE_IDENTIFIER = "com.yagoaugusto.Connect-ONG-Mobile";
				PRODUCT_NAME = "$(TARGET_NAME)";
				SWIFT_EMIT_LOC_STRINGS = YES;
				SWIFT_VERSION = 5.0;
				TARGETED_DEVICE_FAMILY = "1,2";
			};
			name = Debug;
		};
		20FBE7A728BBAD2500609687 /* Release */ = {
			isa = XCBuildConfiguration;
			buildSettings = {
				ASSETCATALOG_COMPILER_APPICON_NAME = AppIcon;
				ASSETCATALOG_COMPILER_GLOBAL_ACCENT_COLOR_NAME = AccentColor;
				CODE_SIGN_STYLE = Automatic;
				CURRENT_PROJECT_VERSION = 1;
				DEVELOPMENT_ASSET_PATHS = "\"Connect-ONG-Mobile/Preview Content\"";
				DEVELOPMENT_TEAM = JNXAHZ4P2R;
				ENABLE_PREVIEWS = YES;
				GENERATE_INFOPLIST_FILE = YES;
				INFOPLIST_KEY_UIApplicationSceneManifest_Generation = YES;
				INFOPLIST_KEY_UIApplicationSupportsIndirectInputEvents = YES;
				INFOPLIST_KEY_UILaunchScreen_Generation = YES;
				INFOPLIST_KEY_UISupportedInterfaceOrientations_iPad = "UIInterfaceOrientationPortrait UIInterfaceOrientationPortraitUpsideDown UIInterfaceOrientationLandscapeLeft UIInterfaceOrientationLandscapeRight";
				INFOPLIST_KEY_UISupportedInterfaceOrientations_iPhone = "UIInterfaceOrientationPortrait UIInterfaceOrientationLandscapeLeft UIInterfaceOrientationLandscapeRight";
				LD_RUNPATH_SEARCH_PATHS = (
					"$(inherited)",
					"@executable_path/Frameworks",
				);
				MARKETING_VERSION = 1.0;
				PRODUCT_BUNDLE_IDENTIFIER = "com.yagoaugusto.Connect-ONG-Mobile";
				PRODUCT_NAME = "$(TARGET_NAME)";
				SWIFT_EMIT_LOC_STRINGS = YES;
				SWIFT_VERSION = 5.0;
				TARGETED_DEVICE_FAMILY = "1,2";
			};
			name = Release;
		};
		20FBE7A928BBAD2500609687 /* Debug */ = {
			isa = XCBuildConfiguration;
			buildSettings = {
				ALWAYS_EMBED_SWIFT_STANDARD_LIBRARIES = YES;
				BUNDLE_LOADER = "$(TEST_HOST)";
				CODE_SIGN_STYLE = Automatic;
				CURRENT_PROJECT_VERSION = 1;
				DEVELOPMENT_TEAM = JNXAHZ4P2R;
				GENERATE_INFOPLIST_FILE = YES;
				IPHONEOS_DEPLOYMENT_TARGET = 15.5;
				MARKETING_VERSION = 1.0;
				PRODUCT_BUNDLE_IDENTIFIER = "com.yagoaugusto.Connect-ONG-MobileTests";
				PRODUCT_NAME = "$(TARGET_NAME)";
				SWIFT_EMIT_LOC_STRINGS = NO;
				SWIFT_VERSION = 5.0;
				TARGETED_DEVICE_FAMILY = "1,2";
				TEST_HOST = "$(BUILT_PRODUCTS_DIR)/Connect-ONG-Mobile.app/Connect-ONG-Mobile";
			};
			name = Debug;
		};
		20FBE7AA28BBAD2500609687 /* Release */ = {
			isa = XCBuildConfiguration;
			buildSettings = {
				ALWAYS_EMBED_SWIFT_STANDARD_LIBRARIES = YES;
				BUNDLE_LOADER = "$(TEST_HOST)";
				CODE_SIGN_STYLE = Automatic;
				CURRENT_PROJECT_VERSION = 1;
				DEVELOPMENT_TEAM = JNXAHZ4P2R;
				GENERATE_INFOPLIST_FILE = YES;
				IPHONEOS_DEPLOYMENT_TARGET = 15.5;
				MARKETING_VERSION = 1.0;
				PRODUCT_BUNDLE_IDENTIFIER = "com.yagoaugusto.Connect-ONG-MobileTests";
				PRODUCT_NAME = "$(TARGET_NAME)";
				SWIFT_EMIT_LOC_STRINGS = NO;
				SWIFT_VERSION = 5.0;
				TARGETED_DEVICE_FAMILY = "1,2";
				TEST_HOST = "$(BUILT_PRODUCTS_DIR)/Connect-ONG-Mobile.app/Connect-ONG-Mobile";
			};
			name = Release;
		};
		20FBE7AC28BBAD2500609687 /* Debug */ = {
			isa = XCBuildConfiguration;
			buildSettings = {
				ALWAYS_EMBED_SWIFT_STANDARD_LIBRARIES = YES;
				CODE_SIGN_STYLE = Automatic;
				CURRENT_PROJECT_VERSION = 1;
				DEVELOPMENT_TEAM = JNXAHZ4P2R;
				GENERATE_INFOPLIST_FILE = YES;
				MARKETING_VERSION = 1.0;
				PRODUCT_BUNDLE_IDENTIFIER = "com.yagoaugusto.Connect-ONG-MobileUITests";
				PRODUCT_NAME = "$(TARGET_NAME)";
				SWIFT_EMIT_LOC_STRINGS = NO;
				SWIFT_VERSION = 5.0;
				TARGETED_DEVICE_FAMILY = "1,2";
				TEST_TARGET_NAME = "Connect-ONG-Mobile";
			};
			name = Debug;
		};
		20FBE7AD28BBAD2500609687 /* Release */ = {
			isa = XCBuildConfiguration;
			buildSettings = {
				ALWAYS_EMBED_SWIFT_STANDARD_LIBRARIES = YES;
				CODE_SIGN_STYLE = Automatic;
				CURRENT_PROJECT_VERSION = 1;
				DEVELOPMENT_TEAM = JNXAHZ4P2R;
				GENERATE_INFOPLIST_FILE = YES;
				MARKETING_VERSION = 1.0;
				PRODUCT_BUNDLE_IDENTIFIER = "com.yagoaugusto.Connect-ONG-MobileUITests";
				PRODUCT_NAME = "$(TARGET_NAME)";
				SWIFT_EMIT_LOC_STRINGS = NO;
				SWIFT_VERSION = 5.0;
				TARGETED_DEVICE_FAMILY = "1,2";
				TEST_TARGET_NAME = "Connect-ONG-Mobile";
			};
			name = Release;
		};
/* End XCBuildConfiguration section */

/* Begin XCConfigurationList section */
		20FBE77728BBAD2300609687 /* Build configuration list for PBXProject "Connect-ONG-Mobile" */ = {
			isa = XCConfigurationList;
			buildConfigurations = (
				20FBE7A328BBAD2500609687 /* Debug */,
				20FBE7A428BBAD2500609687 /* Release */,
			);
			defaultConfigurationIsVisible = 0;
			defaultConfigurationName = Release;
		};
		20FBE7A528BBAD2500609687 /* Build configuration list for PBXNativeTarget "Connect-ONG-Mobile" */ = {
			isa = XCConfigurationList;
			buildConfigurations = (
				20FBE7A628BBAD2500609687 /* Debug */,
				20FBE7A728BBAD2500609687 /* Release */,
			);
			defaultConfigurationIsVisible = 0;
			defaultConfigurationName = Release;
		};
		20FBE7A828BBAD2500609687 /* Build configuration list for PBXNativeTarget "Connect-ONG-MobileTests" */ = {
			isa = XCConfigurationList;
			buildConfigurations = (
				20FBE7A928BBAD2500609687 /* Debug */,
				20FBE7AA28BBAD2500609687 /* Release */,
			);
			defaultConfigurationIsVisible = 0;
			defaultConfigurationName = Release;
		};
		20FBE7AB28BBAD2500609687 /* Build configuration list for PBXNativeTarget "Connect-ONG-MobileUITests" */ = {
			isa = XCConfigurationList;
			buildConfigurations = (
				20FBE7AC28BBAD2500609687 /* Debug */,
				20FBE7AD28BBAD2500609687 /* Release */,
			);
			defaultConfigurationIsVisible = 0;
			defaultConfigurationName = Release;
		};
/* End XCConfigurationList section */

/* Begin XCVersionGroup section */
		20FBE78A28BBAD2400609687 /* Connect_ONG_Mobile.xcdatamodeld */ = {
			isa = XCVersionGroup;
			children = (
				20FBE78B28BBAD2400609687 /* Connect_ONG_Mobile.xcdatamodel */,
			);
			currentVersion = 20FBE78B28BBAD2400609687 /* Connect_ONG_Mobile.xcdatamodel */;
			path = Connect_ONG_Mobile.xcdatamodeld;
			sourceTree = "<group>";
			versionGroupType = wrapper.xcdatamodel;
		};
/* End XCVersionGroup section */
	};
	rootObject = 20FBE77428BBAD2300609687 /* Project object */;
}
